
Microsoft Visual Studio Solution File, Format Version 12.00
# Visual Studio Version 17
VisualStudioVersion = 17.0.31903.59
MinimumVisualStudioVersion = 10.0.40219.1
Project("{FAE04EC0-301F-11D3-BF4B-00C04F79EFBC}") = "CS2Ranking.Domain", "CS2Ranking.Domain\CS2Ranking.Domain.csproj", "{1972DE56-82B0-4741-8575-9E06882E340F}"
EndProject
Project("{FAE04EC0-301F-11D3-BF4B-00C04F79EFBC}") = "CS2Ranking.Infrastructure", "CS2Ranking.Infrastructure\CS2Ranking.Infrastructure.csproj", "{A5575EBF-544C-43B6-9BB5-CC3C48E1EBF2}"
EndProject
Project("{FAE04EC0-301F-11D3-BF4B-00C04F79EFBC}") = "CS2Ranking.Application", "CS2Ranking.Application\CS2Ranking.Application.csproj", "{7D179F06-1D0E-41EE-94F9-0044A72A3FCB}"
EndProject
Project("{FAE04EC0-301F-11D3-BF4B-00C04F79EFBC}") = "CS2Ranking.Api", "CS2Ranking.Api\CS2Ranking.Api.csproj", "{A2A47730-9F77-4A43-9BB0-0282DD88571E}"
EndProject
Global
	GlobalSection(SolutionConfigurationPlatforms) = preSolution
		Debug|Any CPU = Debug|Any CPU
		Debug|x64 = Debug|x64
		Debug|x86 = Debug|x86
		Release|Any CPU = Release|Any CPU
		Release|x64 = Release|x64
		Release|x86 = Release|x86
	EndGlobalSection
	GlobalSection(ProjectConfigurationPlatforms) = postSolution
		{1972DE56-82B0-4741-8575-9E06882E340F}.Debug|Any CPU.ActiveCfg = Debug|Any CPU
		{1972DE56-82B0-4741-8575-9E06882E340F}.Debug|Any CPU.Build.0 = Debug|Any CPU
		{1972DE56-82B0-4741-8575-9E06882E340F}.Debug|x64.ActiveCfg = Debug|Any CPU
		{1972DE56-82B0-4741-8575-9E06882E340F}.Debug|x64.Build.0 = Debug|Any CPU
		{1972DE56-82B0-4741-8575-9E06882E340F}.Debug|x86.ActiveCfg = Debug|Any CPU
		{1972DE56-82B0-4741-8575-9E06882E340F}.Debug|x86.Build.0 = Debug|Any CPU
		{1972DE56-82B0-4741-8575-9E06882E340F}.Release|Any CPU.ActiveCfg = Release|Any CPU
		{1972DE56-82B0-4741-8575-9E06882E340F}.Release|Any CPU.Build.0 = Release|Any CPU
		{1972DE56-82B0-4741-8575-9E06882E340F}.Release|x64.ActiveCfg = Release|Any CPU
		{1972DE56-82B0-4741-8575-9E06882E340F}.Release|x64.Build.0 = Release|Any CPU
		{1972DE56-82B0-4741-8575-9E06882E340F}.Release|x86.ActiveCfg = Release|Any CPU
		{1972DE56-82B0-4741-8575-9E06882E340F}.Release|x86.Build.0 = Release|Any CPU
		{A5575EBF-544C-43B6-9BB5-CC3C48E1EBF2}.Debug|Any CPU.ActiveCfg = Debug|Any CPU
		{A5575EBF-544C-43B6-9BB5-CC3C48E1EBF2}.Debug|Any CPU.Build.0 = Debug|Any CPU
		{A5575EBF-544C-43B6-9BB5-CC3C48E1EBF2}.Debug|x64.ActiveCfg = Debug|Any CPU
		{A5575EBF-544C-43B6-9BB5-CC3C48E1EBF2}.Debug|x64.Build.0 = Debug|Any CPU
		{A5575EBF-544C-43B6-9BB5-CC3C48E1EBF2}.Debug|x86.ActiveCfg = Debug|Any CPU
		{A5575EBF-544C-43B6-9BB5-CC3C48E1EBF2}.Debug|x86.Build.0 = Debug|Any CPU
		{A5575EBF-544C-43B6-9BB5-CC3C48E1EBF2}.Release|Any CPU.ActiveCfg = Release|Any CPU
		{A5575EBF-544C-43B6-9BB5-CC3C48E1EBF2}.Release|Any CPU.Build.0 = Release|Any CPU
		{A5575EBF-544C-43B6-9BB5-CC3C48E1EBF2}.Release|x64.ActiveCfg = Release|Any CPU
		{A5575EBF-544C-43B6-9BB5-CC3C48E1EBF2}.Release|x64.Build.0 = Release|Any CPU
		{A5575EBF-544C-43B6-9BB5-CC3C48E1EBF2}.Release|x86.ActiveCfg = Release|Any CPU
		{A5575EBF-544C-43B6-9BB5-CC3C48E1EBF2}.Release|x86.Build.0 = Release|Any CPU
		{7D179F06-1D0E-41EE-94F9-0044A72A3FCB}.Debug|Any CPU.ActiveCfg = Debug|Any CPU
		{7D179F06-1D0E-41EE-94F9-0044A72A3FCB}.Debug|Any CPU.Build.0 = Debug|Any CPU
		{7D179F06-1D0E-41EE-94F9-0044A72A3FCB}.Debug|x64.ActiveCfg = Debug|Any CPU
		{7D179F06-1D0E-41EE-94F9-0044A72A3FCB}.Debug|x64.Build.0 = Debug|Any CPU
		{7D179F06-1D0E-41EE-94F9-0044A72A3FCB}.Debug|x86.ActiveCfg = Debug|Any CPU
		{7D179F06-1D0E-41EE-94F9-0044A72A3FCB}.Debug|x86.Build.0 = Debug|Any CPU
		{7D179F06-1D0E-41EE-94F9-0044A72A3FCB}.Release|Any CPU.ActiveCfg = Release|Any CPU
		{7D179F06-1D0E-41EE-94F9-0044A72A3FCB}.Release|Any CPU.Build.0 = Release|Any CPU
		{7D179F06-1D0E-41EE-94F9-0044A72A3FCB}.Release|x64.ActiveCfg = Release|Any CPU
		{7D179F06-1D0E-41EE-94F9-0044A72A3FCB}.Release|x64.Build.0 = Release|Any CPU
		{7D179F06-1D0E-41EE-94F9-0044A72A3FCB}.Release|x86.ActiveCfg = Release|Any CPU
		{7D179F06-1D0E-41EE-94F9-0044A72A3FCB}.Release|x86.Build.0 = Release|Any CPU
		{A2A47730-9F77-4A43-9BB0-0282DD88571E}.Debug|Any CPU.ActiveCfg = Debug|Any CPU
		{A2A47730-9F77-4A43-9BB0-0282DD88571E}.Debug|Any CPU.Build.0 = Debug|Any CPU
		{A2A47730-9F77-4A43-9BB0-0282DD88571E}.Debug|x64.ActiveCfg = Debug|Any CPU
		{A2A47730-9F77-4A43-9BB0-0282DD88571E}.Debug|x64.Build.0 = Debug|Any CPU
		{A2A47730-9F77-4A43-9BB0-0282DD88571E}.Debug|x86.ActiveCfg = Debug|Any CPU
		{A2A47730-9F77-4A43-9BB0-0282DD88571E}.Debug|x86.Build.0 = Debug|Any CPU
		{A2A47730-9F77-4A43-9BB0-0282DD88571E}.Release|Any CPU.ActiveCfg = Release|Any CPU
		{A2A47730-9F77-4A43-9BB0-0282DD88571E}.Release|Any CPU.Build.0 = Release|Any CPU
		{A2A47730-9F77-4A43-9BB0-0282DD88571E}.Release|x64.ActiveCfg = Release|Any CPU
		{A2A47730-9F77-4A43-9BB0-0282DD88571E}.Release|x64.Build.0 = Release|Any CPU
		{A2A47730-9F77-4A43-9BB0-0282DD88571E}.Release|x86.ActiveCfg = Release|Any CPU
		{A2A47730-9F77-4A43-9BB0-0282DD88571E}.Release|x86.Build.0 = Release|Any CPU
	EndGlobalSection
	GlobalSection(SolutionProperties) = preSolution
		HideSolutionNode = FALSE
	EndGlobalSection
	GlobalSection(NestedProjects) = preSolution
		{1972DE56-82B0-4741-8575-9E06882E340F} = {02EA681E-C7D8-13C7-8484-4AC65E1B71E8}
		{A5575EBF-544C-43B6-9BB5-CC3C48E1EBF2} = {02EA681E-C7D8-13C7-8484-4AC65E1B71E8}
		{7D179F06-1D0E-41EE-94F9-0044A72A3FCB} = {02EA681E-C7D8-13C7-8484-4AC65E1B71E8}
		{A2A47730-9F77-4A43-9BB0-0282DD88571E} = {02EA681E-C7D8-13C7-8484-4AC65E1B71E8}
	EndGlobalSection
	GlobalSection(ExtensibilityGlobals) = postSolution
		SolutionGuid = {1E564095-3330-44A9-876A-47C1FABE6166}
	EndGlobalSection
EndGlobal
